
Microsoft Visual Studio Solution File, Format Version 12.00
# Visual Studio Version 17
VisualStudioVersion = 17.5.002.0
MinimumVisualStudioVersion = 10.0.40219.1
Project("{9A19103F-16F7-4668-BE54-9A1E7A4F7556}") = "D01", "01\D01.csproj", "{FB5DD755-611F-4867-9AF5-B894A5D2A154}"
EndProject
Project("{FAE04EC0-301F-11D3-BF4B-00C04F79EFBC}") = "D02", "02\D02.csproj", "{FE46FAB5-1B04-4278-B1F6-90C70F715D73}"
EndProject
Project("{FAE04EC0-301F-11D3-BF4B-00C04F79EFBC}") = "D03", "03\D03.csproj", "{4310D64C-B11F-4500-838D-0B84FFF9C6BD}"
EndProject
Project("{FAE04EC0-301F-11D3-BF4B-00C04F79EFBC}") = "D04", "04\D04.csproj", "{30D0CABD-3C87-4BAD-AE66-25FE98CA620C}"
EndProject
Global
	GlobalSection(SolutionConfigurationPlatforms) = preSolution
		Debug|Any CPU = Debug|Any CPU
		Release|Any CPU = Release|Any CPU
	EndGlobalSection
	GlobalSection(ProjectConfigurationPlatforms) = postSolution
		{FB5DD755-611F-4867-9AF5-B894A5D2A154}.Debug|Any CPU.ActiveCfg = Debug|Any CPU
		{FB5DD755-611F-4867-9AF5-B894A5D2A154}.Debug|Any CPU.Build.0 = Debug|Any CPU
		{FB5DD755-611F-4867-9AF5-B894A5D2A154}.Release|Any CPU.ActiveCfg = Release|Any CPU
		{FB5DD755-611F-4867-9AF5-B894A5D2A154}.Release|Any CPU.Build.0 = Release|Any CPU
		{FE46FAB5-1B04-4278-B1F6-90C70F715D73}.Debug|Any CPU.ActiveCfg = Debug|Any CPU
		{FE46FAB5-1B04-4278-B1F6-90C70F715D73}.Debug|Any CPU.Build.0 = Debug|Any CPU
		{FE46FAB5-1B04-4278-B1F6-90C70F715D73}.Release|Any CPU.ActiveCfg = Release|Any CPU
		{FE46FAB5-1B04-4278-B1F6-90C70F715D73}.Release|Any CPU.Build.0 = Release|Any CPU
		{4310D64C-B11F-4500-838D-0B84FFF9C6BD}.Debug|Any CPU.ActiveCfg = Debug|Any CPU
		{4310D64C-B11F-4500-838D-0B84FFF9C6BD}.Debug|Any CPU.Build.0 = Debug|Any CPU
		{4310D64C-B11F-4500-838D-0B84FFF9C6BD}.Release|Any CPU.ActiveCfg = Release|Any CPU
		{4310D64C-B11F-4500-838D-0B84FFF9C6BD}.Release|Any CPU.Build.0 = Release|Any CPU
		{30D0CABD-3C87-4BAD-AE66-25FE98CA620C}.Debug|Any CPU.ActiveCfg = Debug|Any CPU
		{30D0CABD-3C87-4BAD-AE66-25FE98CA620C}.Debug|Any CPU.Build.0 = Debug|Any CPU
		{30D0CABD-3C87-4BAD-AE66-25FE98CA620C}.Release|Any CPU.ActiveCfg = Release|Any CPU
		{30D0CABD-3C87-4BAD-AE66-25FE98CA620C}.Release|Any CPU.Build.0 = Release|Any CPU
	EndGlobalSection
	GlobalSection(SolutionProperties) = preSolution
		HideSolutionNode = FALSE
	EndGlobalSection
	GlobalSection(ExtensibilityGlobals) = postSolution
		SolutionGuid = {8AC1A105-B3E5-474D-9EE9-8493CAC64D39}
	EndGlobalSection
EndGlobal
